
Microsoft Visual Studio Solution File, Format Version 12.00
# Visual Studio Version 16
VisualStudioVersion = 16.0.29418.71
MinimumVisualStudioVersion = 10.0.40219.1
Project("{2150E333-8FDC-42A3-9474-1A3956D46DE8}") = "1.Application", "1.Application", "{D9A47EF5-8F89-45C0-B273-4536616B1936}"
EndProject
Project("{2150E333-8FDC-42A3-9474-1A3956D46DE8}") = "2.Caching", "2.Caching", "{5E2A66E6-1CC3-4FE4-A4EF-CCA4BE3FD139}"
EndProject
Project("{2150E333-8FDC-42A3-9474-1A3956D46DE8}") = "3.Business", "3.Business", "{18867F62-052E-4A8E-AA96-26BD22553A98}"
EndProject
Project("{2150E333-8FDC-42A3-9474-1A3956D46DE8}") = "4.DataAccess", "4.DataAccess", "{6003DCD5-3CB3-4BC7-A811-98AE3540876A}"
EndProject
Project("{2150E333-8FDC-42A3-9474-1A3956D46DE8}") = "5.Contract", "5.Contract", "{68F7348B-DD8B-4E02-81D4-00EF7F6AF5AB}"
EndProject
Project("{2150E333-8FDC-42A3-9474-1A3956D46DE8}") = "6.Library", "6.Library", "{616D19C7-4860-4A8A-9656-4FE41E75BA83}"
EndProject
Project("{FAE04EC0-301F-11D3-BF4B-00C04F79EFBC}") = "VG.Common", "VG.Common\VG.Common.csproj", "{72D742F9-803C-4DC8-9C2B-A83B38DA0982}"
EndProject
Project("{FAE04EC0-301F-11D3-BF4B-00C04F79EFBC}") = "VG.EncryptLib", "VG.EncryptLib\VG.EncryptLib.csproj", "{19CB0C08-C603-4BE6-AA7A-58F6355894E3}"
EndProject
Project("{FAE04EC0-301F-11D3-BF4B-00C04F79EFBC}") = "VG.Framework.Mvc", "VG.Framework.Mvc\VG.Framework.Mvc.csproj", "{AE294664-5413-4F48-8091-FA49D9146D3C}"
EndProject
Project("{FAE04EC0-301F-11D3-BF4B-00C04F79EFBC}") = "VG.General.ExceptionHandling", "VG.General.ExceptionHandling\VG.General.ExceptionHandling.csproj", "{F67F8B2A-444D-4289-AEE7-6E9A3FF78B12}"
EndProject
Project("{FAE04EC0-301F-11D3-BF4B-00C04F79EFBC}") = "VG.ValidAttribute", "VG.ValidationAttribute\VG.ValidAttribute.csproj", "{4BD9A32D-368F-454C-BC9D-42F26F496790}"
EndProject
Project("{FAE04EC0-301F-11D3-BF4B-00C04F79EFBC}") = "Contract", "Contract\Contract.csproj", "{F2461F40-6668-44CC-83E6-AC4FC9917620}"
EndProject
Project("{FAE04EC0-301F-11D3-BF4B-00C04F79EFBC}") = "DataAccess", "DataAccess\DataAccess.csproj", "{9CD92667-8EDB-4B23-93B6-AA30E8795C82}"
EndProject
Project("{FAE04EC0-301F-11D3-BF4B-00C04F79EFBC}") = "Business", "Business\Business.csproj", "{8EA8D98F-27E3-45C4-B374-431224D9EA9D}"
EndProject
Project("{FAE04EC0-301F-11D3-BF4B-00C04F79EFBC}") = "Caching", "Caching\Caching.csproj", "{59184328-C4E0-4BD7-9233-BC4B3E72358D}"
EndProject
Project("{FAE04EC0-301F-11D3-BF4B-00C04F79EFBC}") = "Admin", "Admin\Admin.csproj", "{E66A65C1-2899-4771-9CFF-B84BEA096C62}"
EndProject
Project("{FAE04EC0-301F-11D3-BF4B-00C04F79EFBC}") = "VM.PushEmailNotification.Worker", "VM.PushEmailNotification.Worker\VM.PushEmailNotification.Worker.csproj", "{54B7DB72-9633-4B5B-999F-ED5998C67CA0}"
EndProject
Project("{FAE04EC0-301F-11D3-BF4B-00C04F79EFBC}") = "OR.AutoUpdateManager", "OR.AutoUpdateManager\OR.AutoUpdateManager.csproj", "{3E9B2C8A-CBC7-40EF-96F5-E3B1725BE721}"
EndProject
Project("{2150E333-8FDC-42A3-9474-1A3956D46DE8}") = "Solution Items", "Solution Items", "{05164E1D-C117-4007-9A6B-CD256911D492}"
	ProjectSection(SolutionItems) = preProject
		.editorconfig = .editorconfig
	EndProjectSection
EndProject
Global
	GlobalSection(SolutionConfigurationPlatforms) = preSolution
		Debug|Any CPU = Debug|Any CPU
		Debug|x64 = Debug|x64
		Debug|x86 = Debug|x86
		Release|Any CPU = Release|Any CPU
		Release|x64 = Release|x64
		Release|x86 = Release|x86
	EndGlobalSection
	GlobalSection(ProjectConfigurationPlatforms) = postSolution
		{72D742F9-803C-4DC8-9C2B-A83B38DA0982}.Debug|Any CPU.ActiveCfg = Debug|Any CPU
		{72D742F9-803C-4DC8-9C2B-A83B38DA0982}.Debug|Any CPU.Build.0 = Debug|Any CPU
		{72D742F9-803C-4DC8-9C2B-A83B38DA0982}.Debug|x64.ActiveCfg = Debug|Any CPU
		{72D742F9-803C-4DC8-9C2B-A83B38DA0982}.Debug|x64.Build.0 = Debug|Any CPU
		{72D742F9-803C-4DC8-9C2B-A83B38DA0982}.Debug|x86.ActiveCfg = Debug|Any CPU
		{72D742F9-803C-4DC8-9C2B-A83B38DA0982}.Debug|x86.Build.0 = Debug|Any CPU
		{72D742F9-803C-4DC8-9C2B-A83B38DA0982}.Release|Any CPU.ActiveCfg = Release|Any CPU
		{72D742F9-803C-4DC8-9C2B-A83B38DA0982}.Release|Any CPU.Build.0 = Release|Any CPU
		{72D742F9-803C-4DC8-9C2B-A83B38DA0982}.Release|x64.ActiveCfg = Release|Any CPU
		{72D742F9-803C-4DC8-9C2B-A83B38DA0982}.Release|x64.Build.0 = Release|Any CPU
		{72D742F9-803C-4DC8-9C2B-A83B38DA0982}.Release|x86.ActiveCfg = Release|Any CPU
		{72D742F9-803C-4DC8-9C2B-A83B38DA0982}.Release|x86.Build.0 = Release|Any CPU
		{19CB0C08-C603-4BE6-AA7A-58F6355894E3}.Debug|Any CPU.ActiveCfg = Debug|Any CPU
		{19CB0C08-C603-4BE6-AA7A-58F6355894E3}.Debug|Any CPU.Build.0 = Debug|Any CPU
		{19CB0C08-C603-4BE6-AA7A-58F6355894E3}.Debug|x64.ActiveCfg = Debug|x64
		{19CB0C08-C603-4BE6-AA7A-58F6355894E3}.Debug|x64.Build.0 = Debug|x64
		{19CB0C08-C603-4BE6-AA7A-58F6355894E3}.Debug|x86.ActiveCfg = Debug|x86
		{19CB0C08-C603-4BE6-AA7A-58F6355894E3}.Debug|x86.Build.0 = Debug|x86
		{19CB0C08-C603-4BE6-AA7A-58F6355894E3}.Release|Any CPU.ActiveCfg = Release|Any CPU
		{19CB0C08-C603-4BE6-AA7A-58F6355894E3}.Release|Any CPU.Build.0 = Release|Any CPU
		{19CB0C08-C603-4BE6-AA7A-58F6355894E3}.Release|x64.ActiveCfg = Release|x64
		{19CB0C08-C603-4BE6-AA7A-58F6355894E3}.Release|x64.Build.0 = Release|x64
		{19CB0C08-C603-4BE6-AA7A-58F6355894E3}.Release|x86.ActiveCfg = Release|x86
		{19CB0C08-C603-4BE6-AA7A-58F6355894E3}.Release|x86.Build.0 = Release|x86
		{AE294664-5413-4F48-8091-FA49D9146D3C}.Debug|Any CPU.ActiveCfg = Debug|Any CPU
		{AE294664-5413-4F48-8091-FA49D9146D3C}.Debug|Any CPU.Build.0 = Debug|Any CPU
		{AE294664-5413-4F48-8091-FA49D9146D3C}.Debug|x64.ActiveCfg = Debug|Any CPU
		{AE294664-5413-4F48-8091-FA49D9146D3C}.Debug|x64.Build.0 = Debug|Any CPU
		{AE294664-5413-4F48-8091-FA49D9146D3C}.Debug|x86.ActiveCfg = Debug|Any CPU
		{AE294664-5413-4F48-8091-FA49D9146D3C}.Debug|x86.Build.0 = Debug|Any CPU
		{AE294664-5413-4F48-8091-FA49D9146D3C}.Release|Any CPU.ActiveCfg = Release|Any CPU
		{AE294664-5413-4F48-8091-FA49D9146D3C}.Release|Any CPU.Build.0 = Release|Any CPU
		{AE294664-5413-4F48-8091-FA49D9146D3C}.Release|x64.ActiveCfg = Release|Any CPU
		{AE294664-5413-4F48-8091-FA49D9146D3C}.Release|x64.Build.0 = Release|Any CPU
		{AE294664-5413-4F48-8091-FA49D9146D3C}.Release|x86.ActiveCfg = Release|Any CPU
		{AE294664-5413-4F48-8091-FA49D9146D3C}.Release|x86.Build.0 = Release|Any CPU
		{F67F8B2A-444D-4289-AEE7-6E9A3FF78B12}.Debug|Any CPU.ActiveCfg = Debug|Any CPU
		{F67F8B2A-444D-4289-AEE7-6E9A3FF78B12}.Debug|Any CPU.Build.0 = Debug|Any CPU
		{F67F8B2A-444D-4289-AEE7-6E9A3FF78B12}.Debug|x64.ActiveCfg = Debug|Any CPU
		{F67F8B2A-444D-4289-AEE7-6E9A3FF78B12}.Debug|x64.Build.0 = Debug|Any CPU
		{F67F8B2A-444D-4289-AEE7-6E9A3FF78B12}.Debug|x86.ActiveCfg = Debug|Any CPU
		{F67F8B2A-444D-4289-AEE7-6E9A3FF78B12}.Debug|x86.Build.0 = Debug|Any CPU
		{F67F8B2A-444D-4289-AEE7-6E9A3FF78B12}.Release|Any CPU.ActiveCfg = Release|Any CPU
		{F67F8B2A-444D-4289-AEE7-6E9A3FF78B12}.Release|Any CPU.Build.0 = Release|Any CPU
		{F67F8B2A-444D-4289-AEE7-6E9A3FF78B12}.Release|x64.ActiveCfg = Release|Any CPU
		{F67F8B2A-444D-4289-AEE7-6E9A3FF78B12}.Release|x64.Build.0 = Release|Any CPU
		{F67F8B2A-444D-4289-AEE7-6E9A3FF78B12}.Release|x86.ActiveCfg = Release|Any CPU
		{F67F8B2A-444D-4289-AEE7-6E9A3FF78B12}.Release|x86.Build.0 = Release|Any CPU
		{4BD9A32D-368F-454C-BC9D-42F26F496790}.Debug|Any CPU.ActiveCfg = Debug|Any CPU
		{4BD9A32D-368F-454C-BC9D-42F26F496790}.Debug|Any CPU.Build.0 = Debug|Any CPU
		{4BD9A32D-368F-454C-BC9D-42F26F496790}.Debug|x64.ActiveCfg = Debug|Any CPU
		{4BD9A32D-368F-454C-BC9D-42F26F496790}.Debug|x64.Build.0 = Debug|Any CPU
		{4BD9A32D-368F-454C-BC9D-42F26F496790}.Debug|x86.ActiveCfg = Debug|Any CPU
		{4BD9A32D-368F-454C-BC9D-42F26F496790}.Debug|x86.Build.0 = Debug|Any CPU
		{4BD9A32D-368F-454C-BC9D-42F26F496790}.Release|Any CPU.ActiveCfg = Release|Any CPU
		{4BD9A32D-368F-454C-BC9D-42F26F496790}.Release|Any CPU.Build.0 = Release|Any CPU
		{4BD9A32D-368F-454C-BC9D-42F26F496790}.Release|x64.ActiveCfg = Release|Any CPU
		{4BD9A32D-368F-454C-BC9D-42F26F496790}.Release|x64.Build.0 = Release|Any CPU
		{4BD9A32D-368F-454C-BC9D-42F26F496790}.Release|x86.ActiveCfg = Release|Any CPU
		{4BD9A32D-368F-454C-BC9D-42F26F496790}.Release|x86.Build.0 = Release|Any CPU
		{F2461F40-6668-44CC-83E6-AC4FC9917620}.Debug|Any CPU.ActiveCfg = Debug|Any CPU
		{F2461F40-6668-44CC-83E6-AC4FC9917620}.Debug|Any CPU.Build.0 = Debug|Any CPU
		{F2461F40-6668-44CC-83E6-AC4FC9917620}.Debug|x64.ActiveCfg = Debug|Any CPU
		{F2461F40-6668-44CC-83E6-AC4FC9917620}.Debug|x64.Build.0 = Debug|Any CPU
		{F2461F40-6668-44CC-83E6-AC4FC9917620}.Debug|x86.ActiveCfg = Debug|Any CPU
		{F2461F40-6668-44CC-83E6-AC4FC9917620}.Debug|x86.Build.0 = Debug|Any CPU
		{F2461F40-6668-44CC-83E6-AC4FC9917620}.Release|Any CPU.ActiveCfg = Release|Any CPU
		{F2461F40-6668-44CC-83E6-AC4FC9917620}.Release|Any CPU.Build.0 = Release|Any CPU
		{F2461F40-6668-44CC-83E6-AC4FC9917620}.Release|x64.ActiveCfg = Release|Any CPU
		{F2461F40-6668-44CC-83E6-AC4FC9917620}.Release|x64.Build.0 = Release|Any CPU
		{F2461F40-6668-44CC-83E6-AC4FC9917620}.Release|x86.ActiveCfg = Release|Any CPU
		{F2461F40-6668-44CC-83E6-AC4FC9917620}.Release|x86.Build.0 = Release|Any CPU
		{9CD92667-8EDB-4B23-93B6-AA30E8795C82}.Debug|Any CPU.ActiveCfg = Debug|Any CPU
		{9CD92667-8EDB-4B23-93B6-AA30E8795C82}.Debug|Any CPU.Build.0 = Debug|Any CPU
		{9CD92667-8EDB-4B23-93B6-AA30E8795C82}.Debug|x64.ActiveCfg = Debug|Any CPU
		{9CD92667-8EDB-4B23-93B6-AA30E8795C82}.Debug|x64.Build.0 = Debug|Any CPU
		{9CD92667-8EDB-4B23-93B6-AA30E8795C82}.Debug|x86.ActiveCfg = Debug|Any CPU
		{9CD92667-8EDB-4B23-93B6-AA30E8795C82}.Debug|x86.Build.0 = Debug|Any CPU
		{9CD92667-8EDB-4B23-93B6-AA30E8795C82}.Release|Any CPU.ActiveCfg = Release|Any CPU
		{9CD92667-8EDB-4B23-93B6-AA30E8795C82}.Release|Any CPU.Build.0 = Release|Any CPU
		{9CD92667-8EDB-4B23-93B6-AA30E8795C82}.Release|x64.ActiveCfg = Release|Any CPU
		{9CD92667-8EDB-4B23-93B6-AA30E8795C82}.Release|x64.Build.0 = Release|Any CPU
		{9CD92667-8EDB-4B23-93B6-AA30E8795C82}.Release|x86.ActiveCfg = Release|Any CPU
		{9CD92667-8EDB-4B23-93B6-AA30E8795C82}.Release|x86.Build.0 = Release|Any CPU
		{8EA8D98F-27E3-45C4-B374-431224D9EA9D}.Debug|Any CPU.ActiveCfg = Debug|Any CPU
		{8EA8D98F-27E3-45C4-B374-431224D9EA9D}.Debug|Any CPU.Build.0 = Debug|Any CPU
		{8EA8D98F-27E3-45C4-B374-431224D9EA9D}.Debug|x64.ActiveCfg = Debug|Any CPU
		{8EA8D98F-27E3-45C4-B374-431224D9EA9D}.Debug|x64.Build.0 = Debug|Any CPU
		{8EA8D98F-27E3-45C4-B374-431224D9EA9D}.Debug|x86.ActiveCfg = Debug|Any CPU
		{8EA8D98F-27E3-45C4-B374-431224D9EA9D}.Debug|x86.Build.0 = Debug|Any CPU
		{8EA8D98F-27E3-45C4-B374-431224D9EA9D}.Release|Any CPU.ActiveCfg = Release|Any CPU
		{8EA8D98F-27E3-45C4-B374-431224D9EA9D}.Release|Any CPU.Build.0 = Release|Any CPU
		{8EA8D98F-27E3-45C4-B374-431224D9EA9D}.Release|x64.ActiveCfg = Release|Any CPU
		{8EA8D98F-27E3-45C4-B374-431224D9EA9D}.Release|x64.Build.0 = Release|Any CPU
		{8EA8D98F-27E3-45C4-B374-431224D9EA9D}.Release|x86.ActiveCfg = Release|Any CPU
		{8EA8D98F-27E3-45C4-B374-431224D9EA9D}.Release|x86.Build.0 = Release|Any CPU
		{59184328-C4E0-4BD7-9233-BC4B3E72358D}.Debug|Any CPU.ActiveCfg = Debug|Any CPU
		{59184328-C4E0-4BD7-9233-BC4B3E72358D}.Debug|Any CPU.Build.0 = Debug|Any CPU
		{59184328-C4E0-4BD7-9233-BC4B3E72358D}.Debug|x64.ActiveCfg = Debug|Any CPU
		{59184328-C4E0-4BD7-9233-BC4B3E72358D}.Debug|x64.Build.0 = Debug|Any CPU
		{59184328-C4E0-4BD7-9233-BC4B3E72358D}.Debug|x86.ActiveCfg = Debug|Any CPU
		{59184328-C4E0-4BD7-9233-BC4B3E72358D}.Debug|x86.Build.0 = Debug|Any CPU
		{59184328-C4E0-4BD7-9233-BC4B3E72358D}.Release|Any CPU.ActiveCfg = Release|Any CPU
		{59184328-C4E0-4BD7-9233-BC4B3E72358D}.Release|Any CPU.Build.0 = Release|Any CPU
		{59184328-C4E0-4BD7-9233-BC4B3E72358D}.Release|x64.ActiveCfg = Release|Any CPU
		{59184328-C4E0-4BD7-9233-BC4B3E72358D}.Release|x64.Build.0 = Release|Any CPU
		{59184328-C4E0-4BD7-9233-BC4B3E72358D}.Release|x86.ActiveCfg = Release|Any CPU
		{59184328-C4E0-4BD7-9233-BC4B3E72358D}.Release|x86.Build.0 = Release|Any CPU
		{E66A65C1-2899-4771-9CFF-B84BEA096C62}.Debug|Any CPU.ActiveCfg = Debug|Any CPU
		{E66A65C1-2899-4771-9CFF-B84BEA096C62}.Debug|Any CPU.Build.0 = Debug|Any CPU
		{E66A65C1-2899-4771-9CFF-B84BEA096C62}.Debug|x64.ActiveCfg = Debug|Any CPU
		{E66A65C1-2899-4771-9CFF-B84BEA096C62}.Debug|x64.Build.0 = Debug|Any CPU
		{E66A65C1-2899-4771-9CFF-B84BEA096C62}.Debug|x86.ActiveCfg = Debug|Any CPU
		{E66A65C1-2899-4771-9CFF-B84BEA096C62}.Debug|x86.Build.0 = Debug|Any CPU
		{E66A65C1-2899-4771-9CFF-B84BEA096C62}.Release|Any CPU.ActiveCfg = Release|Any CPU
		{E66A65C1-2899-4771-9CFF-B84BEA096C62}.Release|Any CPU.Build.0 = Release|Any CPU
		{E66A65C1-2899-4771-9CFF-B84BEA096C62}.Release|x64.ActiveCfg = Release|Any CPU
		{E66A65C1-2899-4771-9CFF-B84BEA096C62}.Release|x64.Build.0 = Release|Any CPU
		{E66A65C1-2899-4771-9CFF-B84BEA096C62}.Release|x86.ActiveCfg = Release|Any CPU
		{E66A65C1-2899-4771-9CFF-B84BEA096C62}.Release|x86.Build.0 = Release|Any CPU
		{54B7DB72-9633-4B5B-999F-ED5998C67CA0}.Debug|Any CPU.ActiveCfg = Debug|Any CPU
		{54B7DB72-9633-4B5B-999F-ED5998C67CA0}.Debug|Any CPU.Build.0 = Debug|Any CPU
		{54B7DB72-9633-4B5B-999F-ED5998C67CA0}.Debug|x64.ActiveCfg = Debug|Any CPU
		{54B7DB72-9633-4B5B-999F-ED5998C67CA0}.Debug|x64.Build.0 = Debug|Any CPU
		{54B7DB72-9633-4B5B-999F-ED5998C67CA0}.Debug|x86.ActiveCfg = Debug|Any CPU
		{54B7DB72-9633-4B5B-999F-ED5998C67CA0}.Debug|x86.Build.0 = Debug|Any CPU
		{54B7DB72-9633-4B5B-999F-ED5998C67CA0}.Release|Any CPU.ActiveCfg = Release|Any CPU
		{54B7DB72-9633-4B5B-999F-ED5998C67CA0}.Release|Any CPU.Build.0 = Release|Any CPU
		{54B7DB72-9633-4B5B-999F-ED5998C67CA0}.Release|x64.ActiveCfg = Release|Any CPU
		{54B7DB72-9633-4B5B-999F-ED5998C67CA0}.Release|x64.Build.0 = Release|Any CPU
		{54B7DB72-9633-4B5B-999F-ED5998C67CA0}.Release|x86.ActiveCfg = Release|Any CPU
		{54B7DB72-9633-4B5B-999F-ED5998C67CA0}.Release|x86.Build.0 = Release|Any CPU
		{3E9B2C8A-CBC7-40EF-96F5-E3B1725BE721}.Debug|Any CPU.ActiveCfg = Debug|Any CPU
		{3E9B2C8A-CBC7-40EF-96F5-E3B1725BE721}.Debug|Any CPU.Build.0 = Debug|Any CPU
		{3E9B2C8A-CBC7-40EF-96F5-E3B1725BE721}.Debug|x64.ActiveCfg = Debug|Any CPU
		{3E9B2C8A-CBC7-40EF-96F5-E3B1725BE721}.Debug|x64.Build.0 = Debug|Any CPU
		{3E9B2C8A-CBC7-40EF-96F5-E3B1725BE721}.Debug|x86.ActiveCfg = Debug|Any CPU
		{3E9B2C8A-CBC7-40EF-96F5-E3B1725BE721}.Debug|x86.Build.0 = Debug|Any CPU
		{3E9B2C8A-CBC7-40EF-96F5-E3B1725BE721}.Release|Any CPU.ActiveCfg = Release|Any CPU
		{3E9B2C8A-CBC7-40EF-96F5-E3B1725BE721}.Release|Any CPU.Build.0 = Release|Any CPU
		{3E9B2C8A-CBC7-40EF-96F5-E3B1725BE721}.Release|x64.ActiveCfg = Release|Any CPU
		{3E9B2C8A-CBC7-40EF-96F5-E3B1725BE721}.Release|x64.Build.0 = Release|Any CPU
		{3E9B2C8A-CBC7-40EF-96F5-E3B1725BE721}.Release|x86.ActiveCfg = Release|Any CPU
		{3E9B2C8A-CBC7-40EF-96F5-E3B1725BE721}.Release|x86.Build.0 = Release|Any CPU
	EndGlobalSection
	GlobalSection(SolutionProperties) = preSolution
		HideSolutionNode = FALSE
	EndGlobalSection
	GlobalSection(NestedProjects) = preSolution
		{72D742F9-803C-4DC8-9C2B-A83B38DA0982} = {616D19C7-4860-4A8A-9656-4FE41E75BA83}
		{19CB0C08-C603-4BE6-AA7A-58F6355894E3} = {616D19C7-4860-4A8A-9656-4FE41E75BA83}
		{AE294664-5413-4F48-8091-FA49D9146D3C} = {616D19C7-4860-4A8A-9656-4FE41E75BA83}
		{F67F8B2A-444D-4289-AEE7-6E9A3FF78B12} = {616D19C7-4860-4A8A-9656-4FE41E75BA83}
		{4BD9A32D-368F-454C-BC9D-42F26F496790} = {616D19C7-4860-4A8A-9656-4FE41E75BA83}
		{F2461F40-6668-44CC-83E6-AC4FC9917620} = {68F7348B-DD8B-4E02-81D4-00EF7F6AF5AB}
		{9CD92667-8EDB-4B23-93B6-AA30E8795C82} = {6003DCD5-3CB3-4BC7-A811-98AE3540876A}
		{8EA8D98F-27E3-45C4-B374-431224D9EA9D} = {18867F62-052E-4A8E-AA96-26BD22553A98}
		{59184328-C4E0-4BD7-9233-BC4B3E72358D} = {5E2A66E6-1CC3-4FE4-A4EF-CCA4BE3FD139}
		{E66A65C1-2899-4771-9CFF-B84BEA096C62} = {D9A47EF5-8F89-45C0-B273-4536616B1936}
		{54B7DB72-9633-4B5B-999F-ED5998C67CA0} = {D9A47EF5-8F89-45C0-B273-4536616B1936}
		{3E9B2C8A-CBC7-40EF-96F5-E3B1725BE721} = {D9A47EF5-8F89-45C0-B273-4536616B1936}
	EndGlobalSection
	GlobalSection(ExtensibilityGlobals) = postSolution
		SolutionGuid = {8F4B89F5-0B3B-4E2D-A373-7EC933FDAAF7}
	EndGlobalSection
EndGlobal
